
Microsoft Visual Studio Solution File, Format Version 12.00
# Visual Studio 2012
Project("{FAE04EC0-301F-11D3-BF4B-00C04F79EFBC}") = "GameEngine", "GameEngine\GameEngine.csproj", "{2890FB8E-743C-48AA-8C3B-AA54BA834AE5}"
EndProject
Project("{FAE04EC0-301F-11D3-BF4B-00C04F79EFBC}") = "Compiler", "Compiler\Compiler.csproj", "{6D4C7A07-D98F-4BF7-B3D9-8EEFB8E1B8F9}"
EndProject
Project("{2150E333-8FDC-42A3-9474-1A3956D46DE8}") = "Game Engine", "Game Engine", "{7F0CE779-6F62-4C3B-B0D4-F1070781C98C}"
EndProject
Project("{2150E333-8FDC-42A3-9474-1A3956D46DE8}") = "Unit Tests", "Unit Tests", "{AE58414E-34AA-4E9C-B023-11A46527385C}"
EndProject
Project("{FAE04EC0-301F-11D3-BF4B-00C04F79EFBC}") = "Tests.Unit.GameEngine", "Tests.Unit.GameEngine\Tests.Unit.GameEngine.csproj", "{3F74062B-CD06-4C51-9B72-0B411B4F74C1}"
EndProject
Project("{FAE04EC0-301F-11D3-BF4B-00C04F79EFBC}") = "Tests.Unit.Compiler", "Tests.Unit.GameEngine\Tests.Unit.Compiler\Tests.Unit.Compiler.csproj", "{2059F972-978D-4AE6-A267-F94C8BC595C8}"
EndProject
Global
	GlobalSection(SolutionConfigurationPlatforms) = preSolution
		Debug|Any CPU = Debug|Any CPU
		Release|Any CPU = Release|Any CPU
	EndGlobalSection
	GlobalSection(ProjectConfigurationPlatforms) = postSolution
		{2890FB8E-743C-48AA-8C3B-AA54BA834AE5}.Debug|Any CPU.ActiveCfg = Debug|Any CPU
		{2890FB8E-743C-48AA-8C3B-AA54BA834AE5}.Debug|Any CPU.Build.0 = Debug|Any CPU
		{2890FB8E-743C-48AA-8C3B-AA54BA834AE5}.Release|Any CPU.ActiveCfg = Release|Any CPU
		{2890FB8E-743C-48AA-8C3B-AA54BA834AE5}.Release|Any CPU.Build.0 = Release|Any CPU
		{6D4C7A07-D98F-4BF7-B3D9-8EEFB8E1B8F9}.Debug|Any CPU.ActiveCfg = Debug|Any CPU
		{6D4C7A07-D98F-4BF7-B3D9-8EEFB8E1B8F9}.Debug|Any CPU.Build.0 = Debug|Any CPU
		{6D4C7A07-D98F-4BF7-B3D9-8EEFB8E1B8F9}.Release|Any CPU.ActiveCfg = Release|Any CPU
		{6D4C7A07-D98F-4BF7-B3D9-8EEFB8E1B8F9}.Release|Any CPU.Build.0 = Release|Any CPU
		{3F74062B-CD06-4C51-9B72-0B411B4F74C1}.Debug|Any CPU.ActiveCfg = Debug|Any CPU
		{3F74062B-CD06-4C51-9B72-0B411B4F74C1}.Debug|Any CPU.Build.0 = Debug|Any CPU
		{3F74062B-CD06-4C51-9B72-0B411B4F74C1}.Release|Any CPU.ActiveCfg = Release|Any CPU
		{3F74062B-CD06-4C51-9B72-0B411B4F74C1}.Release|Any CPU.Build.0 = Release|Any CPU
		{2059F972-978D-4AE6-A267-F94C8BC595C8}.Debug|Any CPU.ActiveCfg = Debug|Any CPU
		{2059F972-978D-4AE6-A267-F94C8BC595C8}.Debug|Any CPU.Build.0 = Debug|Any CPU
		{2059F972-978D-4AE6-A267-F94C8BC595C8}.Release|Any CPU.ActiveCfg = Release|Any CPU
		{2059F972-978D-4AE6-A267-F94C8BC595C8}.Release|Any CPU.Build.0 = Release|Any CPU
	EndGlobalSection
	GlobalSection(NestedProjects) = preSolution
		{6D4C7A07-D98F-4BF7-B3D9-8EEFB8E1B8F9} = {7F0CE779-6F62-4C3B-B0D4-F1070781C98C}
		{2890FB8E-743C-48AA-8C3B-AA54BA834AE5} = {7F0CE779-6F62-4C3B-B0D4-F1070781C98C}
		{3F74062B-CD06-4C51-9B72-0B411B4F74C1} = {AE58414E-34AA-4E9C-B023-11A46527385C}
		{2059F972-978D-4AE6-A267-F94C8BC595C8} = {AE58414E-34AA-4E9C-B023-11A46527385C}
	EndGlobalSection
EndGlobal
