
Microsoft Visual Studio Solution File, Format Version 12.00
# Visual Studio 2012
Project("{FAE04EC0-301F-11D3-BF4B-00C04F79EFBC}") = "GameEngine", "GameEngine\GameEngine.csproj", "{2890FB8E-743C-48AA-8C3B-AA54BA834AE5}"
EndProject
Project("{2150E333-8FDC-42A3-9474-1A3956D46DE8}") = "Game Engine", "Game Engine", "{7F0CE779-6F62-4C3B-B0D4-F1070781C98C}"
EndProject
Project("{2150E333-8FDC-42A3-9474-1A3956D46DE8}") = "Unit Tests", "Unit Tests", "{AE58414E-34AA-4E9C-B023-11A46527385C}"
EndProject
Project("{FAE04EC0-301F-11D3-BF4B-00C04F79EFBC}") = "Tests.Unit.GameEngine", "Tests.Unit.GameEngine\Tests.Unit.GameEngine.csproj", "{D736B7A1-3344-42C5-9160-36F8D96BE225}"
EndProject
Project("{FAE04EC0-301F-11D3-BF4B-00C04F79EFBC}") = "Tests.SimpleGame", "Tests.SimpleGame\Tests.SimpleGame.csproj", "{9A102F94-405D-488A-8E28-4F6C44DD5863}"
EndProject
Project("{FAE04EC0-301F-11D3-BF4B-00C04F79EFBC}") = "Tests.Integration.GameEngine", "Tests.Integration.GameEngine\Tests.Integration.GameEngine.csproj", "{43FC4A47-8B1C-4349-B90B-9ACF7D38C354}"
EndProject
Project("{FAE04EC0-301F-11D3-BF4B-00C04F79EFBC}") = "Tests.SimpleGame.Library", "Tests.SimpleGame.Library\Tests.SimpleGame.Library.csproj", "{40C318A1-354F-4A0D-8558-1B0034C46025}"
EndProject
Project("{FAE04EC0-301F-11D3-BF4B-00C04F79EFBC}") = "Tests.Unit.SimpleGame", "Tests.Unit.SimpleGame\Tests.Unit.SimpleGame.csproj", "{9C29B0C2-65FA-4B74-8A6A-805F8E77E5B8}"
EndProject
Project("{2150E333-8FDC-42A3-9474-1A3956D46DE8}") = "Simple Game Example", "Simple Game Example", "{1392CC69-429B-4301-869E-4A56516BBC58}"
EndProject
Project("{FAE04EC0-301F-11D3-BF4B-00C04F79EFBC}") = "TextProcessing", "TextProcessing\TextProcessing.csproj", "{6F0892E4-B888-40D4-BCF6-1C9D8123BBC2}"
EndProject
Global
	GlobalSection(SolutionConfigurationPlatforms) = preSolution
		Debug|Any CPU = Debug|Any CPU
		Release|Any CPU = Release|Any CPU
	EndGlobalSection
	GlobalSection(ProjectConfigurationPlatforms) = postSolution
		{2890FB8E-743C-48AA-8C3B-AA54BA834AE5}.Debug|Any CPU.ActiveCfg = Debug|Any CPU
		{2890FB8E-743C-48AA-8C3B-AA54BA834AE5}.Debug|Any CPU.Build.0 = Debug|Any CPU
		{2890FB8E-743C-48AA-8C3B-AA54BA834AE5}.Release|Any CPU.ActiveCfg = Release|Any CPU
		{2890FB8E-743C-48AA-8C3B-AA54BA834AE5}.Release|Any CPU.Build.0 = Release|Any CPU
		{D736B7A1-3344-42C5-9160-36F8D96BE225}.Debug|Any CPU.ActiveCfg = Debug|Any CPU
		{D736B7A1-3344-42C5-9160-36F8D96BE225}.Debug|Any CPU.Build.0 = Debug|Any CPU
		{D736B7A1-3344-42C5-9160-36F8D96BE225}.Release|Any CPU.ActiveCfg = Release|Any CPU
		{D736B7A1-3344-42C5-9160-36F8D96BE225}.Release|Any CPU.Build.0 = Release|Any CPU
		{9A102F94-405D-488A-8E28-4F6C44DD5863}.Debug|Any CPU.ActiveCfg = Debug|Any CPU
		{9A102F94-405D-488A-8E28-4F6C44DD5863}.Debug|Any CPU.Build.0 = Debug|Any CPU
		{9A102F94-405D-488A-8E28-4F6C44DD5863}.Release|Any CPU.ActiveCfg = Release|Any CPU
		{9A102F94-405D-488A-8E28-4F6C44DD5863}.Release|Any CPU.Build.0 = Release|Any CPU
		{43FC4A47-8B1C-4349-B90B-9ACF7D38C354}.Debug|Any CPU.ActiveCfg = Debug|Any CPU
		{43FC4A47-8B1C-4349-B90B-9ACF7D38C354}.Debug|Any CPU.Build.0 = Debug|Any CPU
		{43FC4A47-8B1C-4349-B90B-9ACF7D38C354}.Release|Any CPU.ActiveCfg = Release|Any CPU
		{43FC4A47-8B1C-4349-B90B-9ACF7D38C354}.Release|Any CPU.Build.0 = Release|Any CPU
		{40C318A1-354F-4A0D-8558-1B0034C46025}.Debug|Any CPU.ActiveCfg = Debug|Any CPU
		{40C318A1-354F-4A0D-8558-1B0034C46025}.Debug|Any CPU.Build.0 = Debug|Any CPU
		{40C318A1-354F-4A0D-8558-1B0034C46025}.Release|Any CPU.ActiveCfg = Release|Any CPU
		{40C318A1-354F-4A0D-8558-1B0034C46025}.Release|Any CPU.Build.0 = Release|Any CPU
		{9C29B0C2-65FA-4B74-8A6A-805F8E77E5B8}.Debug|Any CPU.ActiveCfg = Debug|Any CPU
		{9C29B0C2-65FA-4B74-8A6A-805F8E77E5B8}.Debug|Any CPU.Build.0 = Debug|Any CPU
		{9C29B0C2-65FA-4B74-8A6A-805F8E77E5B8}.Release|Any CPU.ActiveCfg = Release|Any CPU
		{9C29B0C2-65FA-4B74-8A6A-805F8E77E5B8}.Release|Any CPU.Build.0 = Release|Any CPU
		{6F0892E4-B888-40D4-BCF6-1C9D8123BBC2}.Debug|Any CPU.ActiveCfg = Debug|Any CPU
		{6F0892E4-B888-40D4-BCF6-1C9D8123BBC2}.Debug|Any CPU.Build.0 = Debug|Any CPU
		{6F0892E4-B888-40D4-BCF6-1C9D8123BBC2}.Release|Any CPU.ActiveCfg = Release|Any CPU
		{6F0892E4-B888-40D4-BCF6-1C9D8123BBC2}.Release|Any CPU.Build.0 = Release|Any CPU
	EndGlobalSection
	GlobalSection(NestedProjects) = preSolution
		{2890FB8E-743C-48AA-8C3B-AA54BA834AE5} = {7F0CE779-6F62-4C3B-B0D4-F1070781C98C}
		{D736B7A1-3344-42C5-9160-36F8D96BE225} = {AE58414E-34AA-4E9C-B023-11A46527385C}
		{9A102F94-405D-488A-8E28-4F6C44DD5863} = {1392CC69-429B-4301-869E-4A56516BBC58}
		{43FC4A47-8B1C-4349-B90B-9ACF7D38C354} = {AE58414E-34AA-4E9C-B023-11A46527385C}
		{40C318A1-354F-4A0D-8558-1B0034C46025} = {1392CC69-429B-4301-869E-4A56516BBC58}
		{9C29B0C2-65FA-4B74-8A6A-805F8E77E5B8} = {1392CC69-429B-4301-869E-4A56516BBC58}
		{1392CC69-429B-4301-869E-4A56516BBC58} = {AE58414E-34AA-4E9C-B023-11A46527385C}
		{6F0892E4-B888-40D4-BCF6-1C9D8123BBC2} = {7F0CE779-6F62-4C3B-B0D4-F1070781C98C}
	EndGlobalSection
	GlobalSection(MonoDevelopProperties) = preSolution
		Policies = $0
		$0.DotNetNamingPolicy = $1
		$1.DirectoryNamespaceAssociation = PrefixedHierarchical
		$0.StandardHeader = $2
		version = 0.2
	EndGlobalSection
EndGlobal
